codeberg.org/reiver/go-ascii v0.0.0-20250831011101-29ac37bfb987 h1:8f7cz3PdXP+F2AVqYcWnodS3PPG2gEFvuJ4wPj1kv4s=
codeberg.org/reiver/go-ascii v0.0.0-20250831011101-29ac37bfb987/go.mod h1:GuoN8yLT3H0D+0rswq8A+6sQF99w/HvueBMU3n4IPk4=
codeberg.org/reiver/go-erorr v0.0.0-20260414214747-7b76f85a93ac h1:Rf1Y1tEmk+jU/ePubSv5KSkb7smImaDH7ZAff2TEy80=
codeberg.org/reiver/go-erorr v0.0.0-20260414214747-7b76f85a93ac/go.mod h1:yAWy5VHI6xaVFUcCEote+Zp4cgUNtYLhgwzpRXXv9ps=
codeberg.org/reiver/go-field v0.0.0-20260414030601-d901062f0b09 h1:LzvEazstwY7uljtWGgubz2a/H4Vk65BR9Y63VLXE8M0=
codeberg.org/reiver/go-field v0.0.0-20260414030601-d901062f0b09/go.mod h1:752EzuARz/8LnYzfPcxBFIIKstqok9fyTUmi5qnjn+Q=
github.com/reiver/go-calltrace v0.0.0-20251216205616-3931a8c7b154 h1:3w3kacKCTHArAMZenoEO2qssZzJiQ9G8ZJgEvKerbuE=
github.com/reiver/go-calltrace v0.0.0-20251216205616-3931a8c7b154/go.mod h1:b9j4dbN++ed+soAS/+wSCZ+OsZSm3CWiuzxps8nzkew=
github.com/reiver/go-erorr v0.0.0-20240801233437-8cbde6d1fa3f h1:D1QSxKHm8U73XhjsW3SFLkT0zT5pKJi+1KGboMhY1Rk=
github.com/reiver/go-erorr v0.0.0-20240801233437-8cbde6d1fa3f/go.mod h1:F0HbBf+Ak2ZlE8YkDW4Y+KxaUmT0KaaIJK6CXY3cJxE=
github.com/reiver/go-json v0.0.0-20260502054102-0a3481c07116 h1:lub7onbgTujYHB9DfHjGxzSiZWpJcSd7lOgeOhEvV5k=
github.com/reiver/go-json v0.0.0-20260502054102-0a3481c07116/go.mod h1:VefFGTBXCXZ7DwID0jXaAJBQoNnmDQitBQ80E73QPAg=
github.com/reiver/go-lck v0.0.0-20240808133902-b56df221c39f h1:KBVWBoNIM8mHkUR3dP64hm2p2vxoD5xHZ6wUllCjFTc=
github.com/reiver/go-lck v0.0.0-20240808133902-b56df221c39f/go.mod h1:PFseSi8S0CBkc+YB6jYWtogPk83LumclnYJZZBQJJhs=
github.com/reiver/go-nul v0.0.0-20260309043606-3c1893100dc2 h1:lHJTg2gM0mkPmS/dEwMNEhWsKhtDTrLEMQCwlvZLvuE=
github.com/reiver/go-nul v0.0.0-20260309043606-3c1893100dc2/go.mod h1:MF52Ubf46GDzATZlcjh/rGpVfv700Jt7XX5W0WHle30=
github.com/reiver/go-opt v0.0.0-20260410151028-cc34d487e508 h1:ETZ2+gKwMCIPbxjoYGqZQUurs/mKEF4Z3/K/ZN0dfOo=
github.com/reiver/go-opt v0.0.0-20260410151028-cc34d487e508/go.mod h1:wHNwdPLR/veyiWpxj9Vvof0lnHeHNVdU5Vx+rjoY9+o=
github.com/reiver/go-pckstr v0.0.0-20260425220659-60660d07c451 h1:qbhaYK3YedTMtmGQeTIresf1IjD7RYsaNG4t8anqiiM=
github.com/reiver/go-pckstr v0.0.0-20260425220659-60660d07c451/go.mod h1:Ntz1C3qY9mCVE6zQXJZH1iEWV/a4avdNUU74yGvR3jE=
golang.org/x/exp v0.0.0-20251125195548-87e1e737ad39 h1:DHNhtq3sNNzrvduZZIiFyXWOL9IWaDPHqTnLJp+rCBY=
golang.org/x/exp v0.0.0-20251125195548-87e1e737ad39/go.mod h1:46edojNIoXTNOhySWIWdix628clX9ODXwPsQuG6hsK0=
